// !$*UTF8*$!
{
	archiveVersion = 1;
	classes = {
	};
	objectVersion = 56;
	objects = {

/* Begin PBXBuildFile section */
		AC1D7DDF2A587C8A00D417B5 /* AppDelegate.swift in Sources */ = {isa = PBXBuildFile; fileRef = AC1D7DDE2A587C8A00D417B5 /* AppDelegate.swift */; };
		AC1D7DE12A587C8A00D417B5 /* SceneDelegate.swift in Sources */ = {isa = PBXBuildFile; fileRef = AC1D7DE02A587C8A00D417B5 /* SceneDelegate.swift */; };
		AC1D7DE32A587C8A00D417B5 /* ViewController.swift in Sources */ = {isa = PBXBuildFile; fileRef = AC1D7DE22A587C8A00D417B5 /* ViewController.swift */; };
		AC1D7DE62A587C8A00D417B5 /* Main.storyboard in Resources */ = {isa = PBXBuildFile; fileRef = AC1D7DE42A587C8A00D417B5 /* Main.storyboard */; };
		AC1D7DE82A587C8C00D417B5 /* Assets.xcassets in Resources */ = {isa = PBXBuildFile; fileRef = AC1D7DE72A587C8C00D417B5 /* Assets.xcassets */; };
		AC1D7DEB2A587C8C00D417B5 /* LaunchScreen.storyboard in Resources */ = {isa = PBXBuildFile; fileRef = AC1D7DE92A587C8C00D417B5 /* LaunchScreen.storyboard */; };
		AC1D7DF62A587C8C00D417B5 /* Switch_Segmented_ControlTests.swift in Sources */ = {isa = PBXBuildFile; fileRef = AC1D7DF52A587C8C00D417B5 /* Switch_Segmented_ControlTests.swift */; };
		AC1D7E002A587C8C00D417B5 /* Switch_Segmented_ControlUITests.swift in Sources */ = {isa = PBXBuildFile; fileRef = AC1D7DFF2A587C8C00D417B5 /* Switch_Segmented_ControlUITests.swift */; };
		AC1D7E022A587C8C00D417B5 /* Switch_Segmented_ControlUITestsLaunchTests.swift in Sources */ = {isa = PBXBuildFile; fileRef = AC1D7E012A587C8C00D417B5 /* Switch_Segmented_ControlUITestsLaunchTests.swift */; };
/* End PBXBuildFile section */

/* Begin PBXContainerItemProxy section */
		AC1D7DF22A587C8C00D417B5 /* PBXContainerItemProxy */ = {
			isa = PBXContainerItemProxy;
			containerPortal = AC1D7DD32A587C8A00D417B5 /* Project object */;
			proxyType = 1;
			remoteGlobalIDString = AC1D7DDA2A587C8A00D417B5;
			remoteInfo = "Switch-Segmented Control";
		};
		AC1D7DFC2A587C8C00D417B5 /* PBXContainerItemProxy */ = {
			isa = PBXContainerItemProxy;
			containerPortal = AC1D7DD32A587C8A00D417B5 /* Project object */;
			proxyType = 1;
			remoteGlobalIDString = AC1D7DDA2A587C8A00D417B5;
			remoteInfo = "Switch-Segmented Control";
		};
/* End PBXContainerItemProxy section */

/* Begin PBXFileReference section */
		AC1D7DDB2A587C8A00D417B5 /* Switch-Segmented Control.app */ = {isa = PBXFileReference; explicitFileType = wrapper.application; includeInIndex = 0; path = "Switch-Segmented Control.app"; sourceTree = BUILT_PRODUCTS_DIR; };
		AC1D7DDE2A587C8A00D417B5 /* AppDelegate.swift */ = {isa = PBXFileReference; lastKnownFileType = sourcecode.swift; path = AppDelegate.swift; sourceTree = "<group>"; };
		AC1D7DE02A587C8A00D417B5 /* SceneDelegate.swift */ = {isa = PBXFileReference; lastKnownFileType = sourcecode.swift; path = SceneDelegate.swift; sourceTree = "<group>"; };
		AC1D7DE22A587C8A00D417B5 /* ViewController.swift */ = {isa = PBXFileReference; lastKnownFileType = sourcecode.swift; path = ViewController.swift; sourceTree = "<group>"; };
		AC1D7DE52A587C8A00D417B5 /* Base */ = {isa = PBXFileReference; lastKnownFileType = file.storyboard; name = Base; path = Base.lproj/Main.storyboard; sourceTree = "<group>"; };
		AC1D7DE72A587C8C00D417B5 /* Assets.xcassets */ = {isa = PBXFileReference; lastKnownFileType = folder.assetcatalog; path = Assets.xcassets; sourceTree = "<group>"; };
		AC1D7DEA2A587C8C00D417B5 /* Base */ = {isa = PBXFileReference; lastKnownFileType = file.storyboard; name = Base; path = Base.lproj/LaunchScreen.storyboard; sourceTree = "<group>"; };
		AC1D7DEC2A587C8C00D417B5 /* Info.plist */ = {isa = PBXFileReference; lastKnownFileType = text.plist.xml; path = Info.plist; sourceTree = "<group>"; };
		AC1D7DF12A587C8C00D417B5 /* Switch-Segmented ControlTests.xctest */ = {isa = PBXFileReference; explicitFileType = wrapper.cfbundle; includeInIndex = 0; path = "Switch-Segmented ControlTests.xctest"; sourceTree = BUILT_PRODUCTS_DIR; };
		AC1D7DF52A587C8C00D417B5 /* Switch_Segmented_ControlTests.swift */ = {isa = PBXFileReference; lastKnownFileType = sourcecode.swift; path = Switch_Segmented_ControlTests.swift; sourceTree = "<group>"; };
		AC1D7DFB2A587C8C00D417B5 /* Switch-Segmented ControlUITests.xctest */ = {isa = PBXFileReference; explicitFileType = wrapper.cfbundle; includeInIndex = 0; path = "Switch-Segmented ControlUITests.xctest"; sourceTree = BUILT_PRODUCTS_DIR; };
		AC1D7DFF2A587C8C00D417B5 /* Switch_Segmented_ControlUITests.swift */ = {isa = PBXFileReference; lastKnownFileType = sourcecode.swift; path = Switch_Segmented_ControlUITests.swift; sourceTree = "<group>"; };
		AC1D7E012A587C8C00D417B5 /* Switch_Segmented_ControlUITestsLaunchTests.swift */ = {isa = PBXFileReference; lastKnownFileType = sourcecode.swift; path = Switch_Segmented_ControlUITestsLaunchTests.swift; sourceTree = "<group>"; };
/* End PBXFileReference section */

/* Begin PBXFrameworksBuildPhase section */
		AC1D7DD82A587C8A00D417B5 /* Frameworks */ = {
			isa = PBXFrameworksBuildPhase;
			buildActionMask = 2147483647;
			files = (
			);
			runOnlyForDeploymentPostprocessing = 0;
		};
		AC1D7DEE2A587C8C00D417B5 /* Frameworks */ = {
			isa = PBXFrameworksBuildPhase;
			buildActionMask = 2147483647;
			files = (
			);
			runOnlyForDeploymentPostprocessing = 0;
		};
		AC1D7DF82A587C8C00D417B5 /* Frameworks */ = {
			isa = PBXFrameworksBuildPhase;
			buildActionMask = 2147483647;
			files = (
			);
			runOnlyForDeploymentPostprocessing = 0;
		};
/* End PBXFrameworksBuildPhase section */

/* Begin PBXGroup section */
		AC1D7DD22A587C8A00D417B5 = {
			isa = PBXGroup;
			children = (
				AC1D7DDD2A587C8A00D417B5 /* Switch-Segmented Control */,
				AC1D7DF42A587C8C00D417B5 /* Switch-Segmented ControlTests */,
				AC1D7DFE2A587C8C00D417B5 /* Switch-Segmented ControlUITests */,
				AC1D7DDC2A587C8A00D417B5 /* Products */,
			);
			sourceTree = "<group>";
		};
		AC1D7DDC2A587C8A00D417B5 /* Products */ = {
			isa = PBXGroup;
			children = (
				AC1D7DDB2A587C8A00D417B5 /* Switch-Segmented Control.app */,
				AC1D7DF12A587C8C00D417B5 /* Switch-Segmented ControlTests.xctest */,
				AC1D7DFB2A587C8C00D417B5 /* Switch-Segmented ControlUITests.xctest */,
			);
			name = Products;
			sourceTree = "<group>";
		};
		AC1D7DDD2A587C8A00D417B5 /* Switch-Segmented Control */ = {
			isa = PBXGroup;
			children = (
				AC1D7DDE2A587C8A00D417B5 /* AppDelegate.swift */,
				AC1D7DE02A587C8A00D417B5 /* SceneDelegate.swift */,
				AC1D7DE22A587C8A00D417B5 /* ViewController.swift */,
				AC1D7DE42A587C8A00D417B5 /* Main.storyboard */,
				AC1D7DE72A587C8C00D417B5 /* Assets.xcassets */,
				AC1D7DE92A587C8C00D417B5 /* LaunchScreen.storyboard */,
				AC1D7DEC2A587C8C00D417B5 /* Info.plist */,
			);
			path = "Switch-Segmented Control";
			sourceTree = "<group>";
		};
		AC1D7DF42A587C8C00D417B5 /* Switch-Segmented ControlTests */ = {
			isa = PBXGroup;
			children = (
				AC1D7DF52A587C8C00D417B5 /* Switch_Segmented_ControlTests.swift */,
			);
			path = "Switch-Segmented ControlTests";
			sourceTree = "<group>";
		};
		AC1D7DFE2A587C8C00D417B5 /* Switch-Segmented ControlUITests */ = {
			isa = PBXGroup;
			children = (
				AC1D7DFF2A587C8C00D417B5 /* Switch_Segmented_ControlUITests.swift */,
				AC1D7E012A587C8C00D417B5 /* Switch_Segmented_ControlUITestsLaunchTests.swift */,
			);
			path = "Switch-Segmented ControlUITests";
			sourceTree = "<group>";
		};
/* End PBXGroup section */

/* Begin PBXNativeTarget section */
		AC1D7DDA2A587C8A00D417B5 /* Switch-Segmented Control */ = {
			isa = PBXNativeTarget;
			buildConfigurationList = AC1D7E052A587C8C00D417B5 /* Build configuration list for PBXNativeTarget "Switch-Segmented Control" */;
			buildPhases = (
				AC1D7DD72A587C8A00D417B5 /* Sources */,
				AC1D7DD82A587C8A00D417B5 /* Frameworks */,
				AC1D7DD92A587C8A00D417B5 /* Resources */,
			);
			buildRules = (
			);
			dependencies = (
			);
			name = "Switch-Segmented Control";
			productName = "Switch-Segmented Control";
			productReference = AC1D7DDB2A587C8A00D417B5 /* Switch-Segmented Control.app */;
			productType = "com.apple.product-type.application";
		};
		AC1D7DF02A587C8C00D417B5 /* Switch-Segmented ControlTests */ = {
			isa = PBXNativeTarget;
			buildConfigurationList = AC1D7E082A587C8C00D417B5 /* Build configuration list for PBXNativeTarget "Switch-Segmented ControlTests" */;
			buildPhases = (
				AC1D7DED2A587C8C00D417B5 /* Sources */,
				AC1D7DEE2A587C8C00D417B5 /* Frameworks */,
				AC1D7DEF2A587C8C00D417B5 /* Resources */,
			);
			buildRules = (
			);
			dependencies = (
				AC1D7DF32A587C8C00D417B5 /* PBXTargetDependency */,
			);
			name = "Switch-Segmented ControlTests";
			productName = "Switch-Segmented ControlTests";
			productReference = AC1D7DF12A587C8C00D417B5 /* Switch-Segmented ControlTests.xctest */;
			productType = "com.apple.product-type.bundle.unit-test";
		};
		AC1D7DFA2A587C8C00D417B5 /* Switch-Segmented ControlUITests */ = {
			isa = PBXNativeTarget;
			buildConfigurationList = AC1D7E0B2A587C8C00D417B5 /* Build configuration list for PBXNativeTarget "Switch-Segmented ControlUITests" */;
			buildPhases = (
				AC1D7DF72A587C8C00D417B5 /* Sources */,
				AC1D7DF82A587C8C00D417B5 /* Frameworks */,
				AC1D7DF92A587C8C00D417B5 /* Resources */,
			);
			buildRules = (
			);
			dependencies = (
				AC1D7DFD2A587C8C00D417B5 /* PBXTargetDependency */,
			);
			name = "Switch-Segmented ControlUITests";
			productName = "Switch-Segmented ControlUITests";
			productReference = AC1D7DFB2A587C8C00D417B5 /* Switch-Segmented ControlUITests.xctest */;
			productType = "com.apple.product-type.bundle.ui-testing";
		};
/* End PBXNativeTarget section */

/* Begin PBXProject section */
		AC1D7DD32A587C8A00D417B5 /* Project object */ = {
			isa = PBXProject;
			attributes = {
				BuildIndependentTargetsInParallel = 1;
				LastSwiftUpdateCheck = 1430;
				LastUpgradeCheck = 1430;
				TargetAttributes = {
					AC1D7DDA2A587C8A00D417B5 = {
						CreatedOnToolsVersion = 14.3.1;
					};
					AC1D7DF02A587C8C00D417B5 = {
						CreatedOnToolsVersion = 14.3.1;
						TestTargetID = AC1D7DDA2A587C8A00D417B5;
					};
					AC1D7DFA2A587C8C00D417B5 = {
						CreatedOnToolsVersion = 14.3.1;
						TestTargetID = AC1D7DDA2A587C8A00D417B5;
					};
				};
			};
			buildConfigurationList = AC1D7DD62A587C8A00D417B5 /* Build configuration list for PBXProject "Switch-Segmented Control" */;
			compatibilityVersion = "Xcode 14.0";
			developmentRegion = en;
			hasScannedForEncodings = 0;
			knownRegions = (
				en,
				Base,
			);
			mainGroup = AC1D7DD22A587C8A00D417B5;
			productRefGroup = AC1D7DDC2A587C8A00D417B5 /* Products */;
			projectDirPath = "";
			projectRoot = "";
			targets = (
				AC1D7DDA2A587C8A00D417B5 /* Switch-Segmented Control */,
				AC1D7DF02A587C8C00D417B5 /* Switch-Segmented ControlTests */,
				AC1D7DFA2A587C8C00D417B5 /* Switch-Segmented ControlUITests */,
			);
		};
/* End PBXProject section */

/* Begin PBXResourcesBuildPhase section */
		AC1D7DD92A587C8A00D417B5 /* Resources */ = {
			isa = PBXResourcesBuildPhase;
			buildActionMask = 2147483647;
			files = (
				AC1D7DEB2A587C8C00D417B5 /* LaunchScreen.storyboard in Resources */,
				AC1D7DE82A587C8C00D417B5 /* Assets.xcassets in Resources */,
				AC1D7DE62A587C8A00D417B5 /* Main.storyboard in Resources */,
			);
			runOnlyForDeploymentPostprocessing = 0;
		};
		AC1D7DEF2A587C8C00D417B5 /* Resources */ = {
			isa = PBXResourcesBuildPhase;
			buildActionMask = 2147483647;
			files = (
			);
			runOnlyForDeploymentPostprocessing = 0;
		};
		AC1D7DF92A587C8C00D417B5 /* Resources */ = {
			isa = PBXResourcesBuildPhase;
			buildActionMask = 2147483647;
			files = (
			);
			runOnlyForDeploymentPostprocessing = 0;
		};
/* End PBXResourcesBuildPhase section */

/* Begin PBXSourcesBuildPhase section */
		AC1D7DD72A587C8A00D417B5 /* Sources */ = {
			isa = PBXSourcesBuildPhase;
			buildActionMask = 2147483647;
			files = (
				AC1D7DE32A587C8A00D417B5 /* ViewController.swift in Sources */,
				AC1D7DDF2A587C8A00D417B5 /* AppDelegate.swift in Sources */,
				AC1D7DE12A587C8A00D417B5 /* SceneDelegate.swift in Sources */,
			);
			runOnlyForDeploymentPostprocessing = 0;
		};
		AC1D7DED2A587C8C00D417B5 /* Sources */ = {
			isa = PBXSourcesBuildPhase;
			buildActionMask = 2147483647;
			files = (
				AC1D7DF62A587C8C00D417B5 /* Switch_Segmented_ControlTests.swift in Sources */,
			);
			runOnlyForDeploymentPostprocessing = 0;
		};
		AC1D7DF72A587C8C00D417B5 /* Sources */ = {
			isa = PBXSourcesBuildPhase;
			buildActionMask = 2147483647;
			files = (
				AC1D7E002A587C8C00D417B5 /* Switch_Segmented_ControlUITests.swift in Sources */,
				AC1D7E022A587C8C00D417B5 /* Switch_Segmented_ControlUITestsLaunchTests.swift in Sources */,
			);
			runOnlyForDeploymentPostprocessing = 0;
		};
/* End PBXSourcesBuildPhase section */

/* Begin PBXTargetDependency section */
		AC1D7DF32A587C8C00D417B5 /* PBXTargetDependency */ = {
			isa = PBXTargetDependency;
			target = AC1D7DDA2A587C8A00D417B5 /* Switch-Segmented Control */;
			targetProxy = AC1D7DF22A587C8C00D417B5 /* PBXContainerItemProxy */;
		};
		AC1D7DFD2A587C8C00D417B5 /* PBXTargetDependency */ = {
			isa = PBXTargetDependency;
			target = AC1D7DDA2A587C8A00D417B5 /* Switch-Segmented Control */;
			targetProxy = AC1D7DFC2A587C8C00D417B5 /* PBXContainerItemProxy */;
		};
/* End PBXTargetDependency section */

/* Begin PBXVariantGroup section */
		AC1D7DE42A587C8A00D417B5 /* Main.storyboard */ = {
			isa = PBXVariantGroup;
			children = (
				AC1D7DE52A587C8A00D417B5 /* Base */,
			);
			name = Main.storyboard;
			sourceTree = "<group>";
		};
		AC1D7DE92A587C8C00D417B5 /* LaunchScreen.storyboard */ = {
			isa = PBXVariantGroup;
			children = (
				AC1D7DEA2A587C8C00D417B5 /* Base */,
			);
			name = LaunchScreen.storyboard;
			sourceTree = "<group>";
		};
/* End PBXVariantGroup section */

/* Begin XCBuildConfiguration section */
		AC1D7E032A587C8C00D417B5 /* Debug */ = {
			isa = XCBuildConfiguration;
			buildSettings = {
				ALWAYS_SEARCH_USER_PATHS = NO;
				CLANG_ANALYZER_NONNULL = YES;
				CLANG_ANALYZER_NUMBER_OBJECT_CONVERSION = YES_AGGRESSIVE;
				CLANG_CXX_LANGUAGE_STANDARD = "gnu++20";
				CLANG_ENABLE_MODULES = YES;
				CLANG_ENABLE_OBJC_ARC = YES;
				CLANG_ENABLE_OBJC_WEAK = YES;
				CLANG_WARN_BLOCK_CAPTURE_AUTORELEASING = YES;
				CLANG_WARN_BOOL_CONVERSION = YES;
				CLANG_WARN_COMMA = YES;
				CLANG_WARN_CONSTANT_CONVERSION = YES;
				CLANG_WARN_DEPRECATED_OBJC_IMPLEMENTATIONS = YES;
				CLANG_WARN_DIRECT_OBJC_ISA_USAGE = YES_ERROR;
				CLANG_WARN_DOCUMENTATION_COMMENTS = YES;
				CLANG_WARN_EMPTY_BODY = YES;
				CLANG_WARN_ENUM_CONVERSION = YES;
				CLANG_WARN_INFINITE_RECURSION = YES;
				CLANG_WARN_INT_CONVERSION = YES;
				CLANG_WARN_NON_LITERAL_NULL_CONVERSION = YES;
				CLANG_WARN_OBJC_IMPLICIT_RETAIN_SELF = YES;
				CLANG_WARN_OBJC_LITERAL_CONVERSION = YES;
				CLANG_WARN_OBJC_ROOT_CLASS = YES_ERROR;
				CLANG_WARN_QUOTED_INCLUDE_IN_FRAMEWORK_HEADER = YES;
				CLANG_WARN_RANGE_LOOP_ANALYSIS = YES;
				CLANG_WARN_STRICT_PROTOTYPES = YES;
				CLANG_WARN_SUSPICIOUS_MOVE = YES;
				CLANG_WARN_UNGUARDED_AVAILABILITY = YES_AGGRESSIVE;
				CLANG_WARN_UNREACHABLE_CODE = YES;
				CLANG_WARN__DUPLICATE_METHOD_MATCH = YES;
				COPY_PHASE_STRIP = NO;
				DEBUG_INFORMATION_FORMAT = dwarf;
				ENABLE_STRICT_OBJC_MSGSEND = YES;
				ENABLE_TESTABILITY = YES;
				GCC_C_LANGUAGE_STANDARD = gnu11;
				GCC_DYNAMIC_NO_PIC = NO;
				GCC_NO_COMMON_BLOCKS = YES;
				GCC_OPTIMIZATION_LEVEL = 0;
				GCC_PREPROCESSOR_DEFINITIONS = (
					"DEBUG=1",
					"$(inherited)",
				);
				GCC_WARN_64_TO_32_BIT_CONVERSION = YES;
				GCC_WARN_ABOUT_RETURN_TYPE = YES_ERROR;
				GCC_WARN_UNDECLARED_SELECTOR = YES;
				GCC_WARN_UNINITIALIZED_AUTOS = YES_AGGRESSIVE;
				GCC_WARN_UNUSED_FUNCTION = YES;
				GCC_WARN_UNUSED_VARIABLE = YES;
				IPHONEOS_DEPLOYMENT_TARGET = 16.4;
				MTL_ENABLE_DEBUG_INFO = INCLUDE_SOURCE;
				MTL_FAST_MATH = YES;
				ONLY_ACTIVE_ARCH = YES;
				SDKROOT = iphoneos;
				SWIFT_ACTIVE_COMPILATION_CONDITIONS = DEBUG;
				SWIFT_OPTIMIZATION_LEVEL = "-Onone";
			};
			name = Debug;
		};
		AC1D7E042A587C8C00D417B5 /* Release */ = {
			isa = XCBuildConfiguration;
			buildSettings = {
				ALWAYS_SEARCH_USER_PATHS = NO;
				CLANG_ANALYZER_NONNULL = YES;
				CLANG_ANALYZER_NUMBER_OBJECT_CONVERSION = YES_AGGRESSIVE;
				CLANG_CXX_LANGUAGE_STANDARD = "gnu++20";
				CLANG_ENABLE_MODULES = YES;
				CLANG_ENABLE_OBJC_ARC = YES;
				CLANG_ENABLE_OBJC_WEAK = YES;
				CLANG_WARN_BLOCK_CAPTURE_AUTORELEASING = YES;
				CLANG_WARN_BOOL_CONVERSION = YES;
				CLANG_WARN_COMMA = YES;
				CLANG_WARN_CONSTANT_CONVERSION = YES;
				CLANG_WARN_DEPRECATED_OBJC_IMPLEMENTATIONS = YES;
				CLANG_WARN_DIRECT_OBJC_ISA_USAGE = YES_ERROR;
				CLANG_WARN_DOCUMENTATION_COMMENTS = YES;
				CLANG_WARN_EMPTY_BODY = YES;
				CLANG_WARN_ENUM_CONVERSION = YES;
				CLANG_WARN_INFINITE_RECURSION = YES;
				CLANG_WARN_INT_CONVERSION = YES;
				CLANG_WARN_NON_LITERAL_NULL_CONVERSION = YES;
				CLANG_WARN_OBJC_IMPLICIT_RETAIN_SELF = YES;
				CLANG_WARN_OBJC_LITERAL_CONVERSION = YES;
				CLANG_WARN_OBJC_ROOT_CLASS = YES_ERROR;
				CLANG_WARN_QUOTED_INCLUDE_IN_FRAMEWORK_HEADER = YES;
				CLANG_WARN_RANGE_LOOP_ANALYSIS = YES;
				CLANG_WARN_STRICT_PROTOTYPES = YES;
				CLANG_WARN_SUSPICIOUS_MOVE = YES;
				CLANG_WARN_UNGUARDED_AVAILABILITY = YES_AGGRESSIVE;
				CLANG_WARN_UNREACHABLE_CODE = YES;
				CLANG_WARN__DUPLICATE_METHOD_MATCH = YES;
				COPY_PHASE_STRIP = NO;
				DEBUG_INFORMATION_FORMAT = "dwarf-with-dsym";
				ENABLE_NS_ASSERTIONS = NO;
				ENABLE_STRICT_OBJC_MSGSEND = YES;
				GCC_C_LANGUAGE_STANDARD = gnu11;
				GCC_NO_COMMON_BLOCKS = YES;
				GCC_WARN_64_TO_32_BIT_CONVERSION = YES;
				GCC_WARN_ABOUT_RETURN_TYPE = YES_ERROR;
				GCC_WARN_UNDECLARED_SELECTOR = YES;
				GCC_WARN_UNINITIALIZED_AUTOS = YES_AGGRESSIVE;
				GCC_WARN_UNUSED_FUNCTION = YES;
				GCC_WARN_UNUSED_VARIABLE = YES;
				IPHONEOS_DEPLOYMENT_TARGET = 16.4;
				MTL_ENABLE_DEBUG_INFO = NO;
				MTL_FAST_MATH = YES;
				SDKROOT = iphoneos;
				SWIFT_COMPILATION_MODE = wholemodule;
				SWIFT_OPTIMIZATION_LEVEL = "-O";
				VALIDATE_PRODUCT = YES;
			};
			name = Release;
		};
		AC1D7E062A587C8C00D417B5 /* Debug */ = {
			isa = XCBuildConfiguration;
			buildSettings = {
				ASSETCATALOG_COMPILER_APPICON_NAME = AppIcon;
				ASSETCATALOG_COMPILER_GLOBAL_ACCENT_COLOR_NAME = AccentColor;
				CODE_SIGN_STYLE = Automatic;
				CURRENT_PROJECT_VERSION = 1;
				DEVELOPMENT_TEAM = 2DG9MHMN6C;
				GENERATE_INFOPLIST_FILE = YES;
				INFOPLIST_FILE = "Switch-Segmented Control/Info.plist";
				INFOPLIST_KEY_UIApplicationSupportsIndirectInputEvents = YES;
				INFOPLIST_KEY_UILaunchStoryboardName = LaunchScreen;
				INFOPLIST_KEY_UIMainStoryboardFile = Main;
				INFOPLIST_KEY_UISupportedInterfaceOrientations_iPad = "UIInterfaceOrientationPortrait UIInterfaceOrientationPortraitUpsideDown UIInterfaceOrientationLandscapeLeft UIInterfaceOrientationLandscapeRight";
				INFOPLIST_KEY_UISupportedInterfaceOrientations_iPhone = "UIInterfaceOrientationPortrait UIInterfaceOrientationLandscapeLeft UIInterfaceOrientationLandscapeRight";
				LD_RUNPATH_SEARCH_PATHS = (
					"$(inherited)",
					"@executable_path/Frameworks",
				);
				MARKETING_VERSION = 1.0;
				PRODUCT_BUNDLE_IDENTIFIER = "com.mbaransen.Switch-Segmented-Control";
				PRODUCT_NAME = "$(TARGET_NAME)";
				SWIFT_EMIT_LOC_STRINGS = YES;
				SWIFT_VERSION = 5.0;
				TARGETED_DEVICE_FAMILY = "1,2";
			};
			name = Debug;
		};
		AC1D7E072A587C8C00D417B5 /* Release */ = {
			isa = XCBuildConfiguration;
			buildSettings = {
				ASSETCATALOG_COMPILER_APPICON_NAME = AppIcon;
				ASSETCATALOG_COMPILER_GLOBAL_ACCENT_COLOR_NAME = AccentColor;
				CODE_SIGN_STYLE = Automatic;
				CURRENT_PROJECT_VERSION = 1;
				DEVELOPMENT_TEAM = 2DG9MHMN6C;
				GENERATE_INFOPLIST_FILE = YES;
				INFOPLIST_FILE = "Switch-Segmented Control/Info.plist";
				INFOPLIST_KEY_UIApplicationSupportsIndirectInputEvents = YES;
				INFOPLIST_KEY_UILaunchStoryboardName = LaunchScreen;
				INFOPLIST_KEY_UIMainStoryboardFile = Main;
				INFOPLIST_KEY_UISupportedInterfaceOrientations_iPad = "UIInterfaceOrientationPortrait UIInterfaceOrientationPortraitUpsideDown UIInterfaceOrientationLandscapeLeft UIInterfaceOrientationLandscapeRight";
				INFOPLIST_KEY_UISupportedInterfaceOrientations_iPhone = "UIInterfaceOrientationPortrait UIInterfaceOrientationLandscapeLeft UIInterfaceOrientationLandscapeRight";
				LD_RUNPATH_SEARCH_PATHS = (
					"$(inherited)",
					"@executable_path/Frameworks",
				);
				MARKETING_VERSION = 1.0;
				PRODUCT_BUNDLE_IDENTIFIER = "com.mbaransen.Switch-Segmented-Control";
				PRODUCT_NAME = "$(TARGET_NAME)";
				SWIFT_EMIT_LOC_STRINGS = YES;
				SWIFT_VERSION = 5.0;
				TARGETED_DEVICE_FAMILY = "1,2";
			};
			name = Release;
		};
		AC1D7E092A587C8C00D417B5 /* Debug */ = {
			isa = XCBuildConfiguration;
			buildSettings = {
				ALWAYS_EMBED_SWIFT_STANDARD_LIBRARIES = YES;
				BUNDLE_LOADER = "$(TEST_HOST)";
				CODE_SIGN_STYLE = Automatic;
				CURRENT_PROJECT_VERSION = 1;
				DEVELOPMENT_TEAM = 2DG9MHMN6C;
				GENERATE_INFOPLIST_FILE = YES;
				IPHONEOS_DEPLOYMENT_TARGET = 16.4;
				MARKETING_VERSION = 1.0;
				PRODUCT_BUNDLE_IDENTIFIER = "com.mbaransen.Switch-Segmented-ControlTests";
				PRODUCT_NAME = "$(TARGET_NAME)";
				SWIFT_EMIT_LOC_STRINGS = NO;
				SWIFT_VERSION = 5.0;
				TARGETED_DEVICE_FAMILY = "1,2";
				TEST_HOST = "$(BUILT_PRODUCTS_DIR)/Switch-Segmented Control.app/$(BUNDLE_EXECUTABLE_FOLDER_PATH)/Switch-Segmented Control";
			};
			name = Debug;
		};
		AC1D7E0A2A587C8C00D417B5 /* Release */ = {
			isa = XCBuildConfiguration;
			buildSettings = {
				ALWAYS_EMBED_SWIFT_STANDARD_LIBRARIES = YES;
				BUNDLE_LOADER = "$(TEST_HOST)";
				CODE_SIGN_STYLE = Automatic;
				CURRENT_PROJECT_VERSION = 1;
				DEVELOPMENT_TEAM = 2DG9MHMN6C;
				GENERATE_INFOPLIST_FILE = YES;
				IPHONEOS_DEPLOYMENT_TARGET = 16.4;
				MARKETING_VERSION = 1.0;
				PRODUCT_BUNDLE_IDENTIFIER = "com.mbaransen.Switch-Segmented-ControlTests";
				PRODUCT_NAME = "$(TARGET_NAME)";
				SWIFT_EMIT_LOC_STRINGS = NO;
				SWIFT_VERSION = 5.0;
				TARGETED_DEVICE_FAMILY = "1,2";
				TEST_HOST = "$(BUILT_PRODUCTS_DIR)/Switch-Segmented Control.app/$(BUNDLE_EXECUTABLE_FOLDER_PATH)/Switch-Segmented Control";
			};
			name = Release;
		};
		AC1D7E0C2A587C8C00D417B5 /* Debug */ = {
			isa = XCBuildConfiguration;
			buildSettings = {
				ALWAYS_EMBED_SWIFT_STANDARD_LIBRARIES = YES;
				CODE_SIGN_STYLE = Automatic;
				CURRENT_PROJECT_VERSION = 1;
				DEVELOPMENT_TEAM = 2DG9MHMN6C;
				GENERATE_INFOPLIST_FILE = YES;
				MARKETING_VERSION = 1.0;
				PRODUCT_BUNDLE_IDENTIFIER = "com.mbaransen.Switch-Segmented-ControlUITests";
				PRODUCT_NAME = "$(TARGET_NAME)";
				SWIFT_EMIT_LOC_STRINGS = NO;
				SWIFT_VERSION = 5.0;
				TARGETED_DEVICE_FAMILY = "1,2";
				TEST_TARGET_NAME = "Switch-Segmented Control";
			};
			name = Debug;
		};
		AC1D7E0D2A587C8C00D417B5 /* Release */ = {
			isa = XCBuildConfiguration;
			buildSettings = {
				ALWAYS_EMBED_SWIFT_STANDARD_LIBRARIES = YES;
				CODE_SIGN_STYLE = Automatic;
				CURRENT_PROJECT_VERSION = 1;
				DEVELOPMENT_TEAM = 2DG9MHMN6C;
				GENERATE_INFOPLIST_FILE = YES;
				MARKETING_VERSION = 1.0;
				PRODUCT_BUNDLE_IDENTIFIER = "com.mbaransen.Switch-Segmented-ControlUITests";
				PRODUCT_NAME = "$(TARGET_NAME)";
				SWIFT_EMIT_LOC_STRINGS = NO;
				SWIFT_VERSION = 5.0;
				TARGETED_DEVICE_FAMILY = "1,2";
				TEST_TARGET_NAME = "Switch-Segmented Control";
			};
			name = Release;
		};
/* End XCBuildConfiguration section */

/* Begin XCConfigurationList section */
		AC1D7DD62A587C8A00D417B5 /* Build configuration list for PBXProject "Switch-Segmented Control" */ = {
			isa = XCConfigurationList;
			buildConfigurations = (
				AC1D7E032A587C8C00D417B5 /* Debug */,
				AC1D7E042A587C8C00D417B5 /* Release */,
			);
			defaultConfigurationIsVisible = 0;
			defaultConfigurationName = Release;
		};
		AC1D7E052A587C8C00D417B5 /* Build configuration list for PBXNativeTarget "Switch-Segmented Control" */ = {
			isa = XCConfigurationList;
			buildConfigurations = (
				AC1D7E062A587C8C00D417B5 /* Debug */,
				AC1D7E072A587C8C00D417B5 /* Release */,
			);
			defaultConfigurationIsVisible = 0;
			defaultConfigurationName = Release;
		};
		AC1D7E082A587C8C00D417B5 /* Build configuration list for PBXNativeTarget "Switch-Segmented ControlTests" */ = {
			isa = XCConfigurationList;
			buildConfigurations = (
				AC1D7E092A587C8C00D417B5 /* Debug */,
				AC1D7E0A2A587C8C00D417B5 /* Release */,
			);
			defaultConfigurationIsVisible = 0;
			defaultConfigurationName = Release;
		};
		AC1D7E0B2A587C8C00D417B5 /* Build configuration list for PBXNativeTarget "Switch-Segmented ControlUITests" */ = {
			isa = XCConfigurationList;
			buildConfigurations = (
				AC1D7E0C2A587C8C00D417B5 /* Debug */,
				AC1D7E0D2A587C8C00D417B5 /* Release */,
			);
			defaultConfigurationIsVisible = 0;
			defaultConfigurationName = Release;
		};
/* End XCConfigurationList section */
	};
	rootObject = AC1D7DD32A587C8A00D417B5 /* Project object */;
}
