// !$*UTF8*$!
{
	archiveVersion = 1;
	classes = {
	};
	objectVersion = 56;
	objects = {

/* Begin PBXBuildFile section */
		AC692A162A2C808900F66347 /* AppDelegate.swift in Sources */ = {isa = PBXBuildFile; fileRef = AC692A152A2C808900F66347 /* AppDelegate.swift */; };
		AC692A182A2C808900F66347 /* SceneDelegate.swift in Sources */ = {isa = PBXBuildFile; fileRef = AC692A172A2C808900F66347 /* SceneDelegate.swift */; };
		AC692A1A2A2C808900F66347 /* ViewController.swift in Sources */ = {isa = PBXBuildFile; fileRef = AC692A192A2C808900F66347 /* ViewController.swift */; };
		AC692A1D2A2C808900F66347 /* Main.storyboard in Resources */ = {isa = PBXBuildFile; fileRef = AC692A1B2A2C808900F66347 /* Main.storyboard */; };
		AC692A1F2A2C808A00F66347 /* Assets.xcassets in Resources */ = {isa = PBXBuildFile; fileRef = AC692A1E2A2C808A00F66347 /* Assets.xcassets */; };
		AC692A222A2C808A00F66347 /* LaunchScreen.storyboard in Resources */ = {isa = PBXBuildFile; fileRef = AC692A202A2C808A00F66347 /* LaunchScreen.storyboard */; };
		AC692A2D2A2C808A00F66347 /* Veri_Transferi_Storyboard_SegueTests.swift in Sources */ = {isa = PBXBuildFile; fileRef = AC692A2C2A2C808A00F66347 /* Veri_Transferi_Storyboard_SegueTests.swift */; };
		AC692A372A2C808A00F66347 /* Veri_Transferi_Storyboard_SegueUITests.swift in Sources */ = {isa = PBXBuildFile; fileRef = AC692A362A2C808A00F66347 /* Veri_Transferi_Storyboard_SegueUITests.swift */; };
		AC692A392A2C808A00F66347 /* Veri_Transferi_Storyboard_SegueUITestsLaunchTests.swift in Sources */ = {isa = PBXBuildFile; fileRef = AC692A382A2C808A00F66347 /* Veri_Transferi_Storyboard_SegueUITestsLaunchTests.swift */; };
		AC692A462A2C80FE00F66347 /* ViewControllerB.swift in Sources */ = {isa = PBXBuildFile; fileRef = AC692A452A2C80FE00F66347 /* ViewControllerB.swift */; };
		AC692A482A2C811400F66347 /* ViewControllerC.swift in Sources */ = {isa = PBXBuildFile; fileRef = AC692A472A2C811400F66347 /* ViewControllerC.swift */; };
/* End PBXBuildFile section */

/* Begin PBXContainerItemProxy section */
		AC692A292A2C808A00F66347 /* PBXContainerItemProxy */ = {
			isa = PBXContainerItemProxy;
			containerPortal = AC692A0A2A2C808900F66347 /* Project object */;
			proxyType = 1;
			remoteGlobalIDString = AC692A112A2C808900F66347;
			remoteInfo = "Veri Transferi Storyboard Segue";
		};
		AC692A332A2C808A00F66347 /* PBXContainerItemProxy */ = {
			isa = PBXContainerItemProxy;
			containerPortal = AC692A0A2A2C808900F66347 /* Project object */;
			proxyType = 1;
			remoteGlobalIDString = AC692A112A2C808900F66347;
			remoteInfo = "Veri Transferi Storyboard Segue";
		};
/* End PBXContainerItemProxy section */

/* Begin PBXFileReference section */
		AC692A122A2C808900F66347 /* Veri Transferi Storyboard Segue.app */ = {isa = PBXFileReference; explicitFileType = wrapper.application; includeInIndex = 0; path = "Veri Transferi Storyboard Segue.app"; sourceTree = BUILT_PRODUCTS_DIR; };
		AC692A152A2C808900F66347 /* AppDelegate.swift */ = {isa = PBXFileReference; lastKnownFileType = sourcecode.swift; path = AppDelegate.swift; sourceTree = "<group>"; };
		AC692A172A2C808900F66347 /* SceneDelegate.swift */ = {isa = PBXFileReference; lastKnownFileType = sourcecode.swift; path = SceneDelegate.swift; sourceTree = "<group>"; };
		AC692A192A2C808900F66347 /* ViewController.swift */ = {isa = PBXFileReference; lastKnownFileType = sourcecode.swift; path = ViewController.swift; sourceTree = "<group>"; };
		AC692A1C2A2C808900F66347 /* Base */ = {isa = PBXFileReference; lastKnownFileType = file.storyboard; name = Base; path = Base.lproj/Main.storyboard; sourceTree = "<group>"; };
		AC692A1E2A2C808A00F66347 /* Assets.xcassets */ = {isa = PBXFileReference; lastKnownFileType = folder.assetcatalog; path = Assets.xcassets; sourceTree = "<group>"; };
		AC692A212A2C808A00F66347 /* Base */ = {isa = PBXFileReference; lastKnownFileType = file.storyboard; name = Base; path = Base.lproj/LaunchScreen.storyboard; sourceTree = "<group>"; };
		AC692A232A2C808A00F66347 /* Info.plist */ = {isa = PBXFileReference; lastKnownFileType = text.plist.xml; path = Info.plist; sourceTree = "<group>"; };
		AC692A282A2C808A00F66347 /* Veri Transferi Storyboard SegueTests.xctest */ = {isa = PBXFileReference; explicitFileType = wrapper.cfbundle; includeInIndex = 0; path = "Veri Transferi Storyboard SegueTests.xctest"; sourceTree = BUILT_PRODUCTS_DIR; };
		AC692A2C2A2C808A00F66347 /* Veri_Transferi_Storyboard_SegueTests.swift */ = {isa = PBXFileReference; lastKnownFileType = sourcecode.swift; path = Veri_Transferi_Storyboard_SegueTests.swift; sourceTree = "<group>"; };
		AC692A322A2C808A00F66347 /* Veri Transferi Storyboard SegueUITests.xctest */ = {isa = PBXFileReference; explicitFileType = wrapper.cfbundle; includeInIndex = 0; path = "Veri Transferi Storyboard SegueUITests.xctest"; sourceTree = BUILT_PRODUCTS_DIR; };
		AC692A362A2C808A00F66347 /* Veri_Transferi_Storyboard_SegueUITests.swift */ = {isa = PBXFileReference; lastKnownFileType = sourcecode.swift; path = Veri_Transferi_Storyboard_SegueUITests.swift; sourceTree = "<group>"; };
		AC692A382A2C808A00F66347 /* Veri_Transferi_Storyboard_SegueUITestsLaunchTests.swift */ = {isa = PBXFileReference; lastKnownFileType = sourcecode.swift; path = Veri_Transferi_Storyboard_SegueUITestsLaunchTests.swift; sourceTree = "<group>"; };
		AC692A452A2C80FE00F66347 /* ViewControllerB.swift */ = {isa = PBXFileReference; lastKnownFileType = sourcecode.swift; path = ViewControllerB.swift; sourceTree = "<group>"; };
		AC692A472A2C811400F66347 /* ViewControllerC.swift */ = {isa = PBXFileReference; lastKnownFileType = sourcecode.swift; path = ViewControllerC.swift; sourceTree = "<group>"; };
/* End PBXFileReference section */

/* Begin PBXFrameworksBuildPhase section */
		AC692A0F2A2C808900F66347 /* Frameworks */ = {
			isa = PBXFrameworksBuildPhase;
			buildActionMask = 2147483647;
			files = (
			);
			runOnlyForDeploymentPostprocessing = 0;
		};
		AC692A252A2C808A00F66347 /* Frameworks */ = {
			isa = PBXFrameworksBuildPhase;
			buildActionMask = 2147483647;
			files = (
			);
			runOnlyForDeploymentPostprocessing = 0;
		};
		AC692A2F2A2C808A00F66347 /* Frameworks */ = {
			isa = PBXFrameworksBuildPhase;
			buildActionMask = 2147483647;
			files = (
			);
			runOnlyForDeploymentPostprocessing = 0;
		};
/* End PBXFrameworksBuildPhase section */

/* Begin PBXGroup section */
		AC692A092A2C808900F66347 = {
			isa = PBXGroup;
			children = (
				AC692A142A2C808900F66347 /* Veri Transferi Storyboard Segue */,
				AC692A2B2A2C808A00F66347 /* Veri Transferi Storyboard SegueTests */,
				AC692A352A2C808A00F66347 /* Veri Transferi Storyboard SegueUITests */,
				AC692A132A2C808900F66347 /* Products */,
			);
			sourceTree = "<group>";
		};
		AC692A132A2C808900F66347 /* Products */ = {
			isa = PBXGroup;
			children = (
				AC692A122A2C808900F66347 /* Veri Transferi Storyboard Segue.app */,
				AC692A282A2C808A00F66347 /* Veri Transferi Storyboard SegueTests.xctest */,
				AC692A322A2C808A00F66347 /* Veri Transferi Storyboard SegueUITests.xctest */,
			);
			name = Products;
			sourceTree = "<group>";
		};
		AC692A142A2C808900F66347 /* Veri Transferi Storyboard Segue */ = {
			isa = PBXGroup;
			children = (
				AC692A152A2C808900F66347 /* AppDelegate.swift */,
				AC692A172A2C808900F66347 /* SceneDelegate.swift */,
				AC692A192A2C808900F66347 /* ViewController.swift */,
				AC692A452A2C80FE00F66347 /* ViewControllerB.swift */,
				AC692A472A2C811400F66347 /* ViewControllerC.swift */,
				AC692A1B2A2C808900F66347 /* Main.storyboard */,
				AC692A1E2A2C808A00F66347 /* Assets.xcassets */,
				AC692A202A2C808A00F66347 /* LaunchScreen.storyboard */,
				AC692A232A2C808A00F66347 /* Info.plist */,
			);
			path = "Veri Transferi Storyboard Segue";
			sourceTree = "<group>";
		};
		AC692A2B2A2C808A00F66347 /* Veri Transferi Storyboard SegueTests */ = {
			isa = PBXGroup;
			children = (
				AC692A2C2A2C808A00F66347 /* Veri_Transferi_Storyboard_SegueTests.swift */,
			);
			path = "Veri Transferi Storyboard SegueTests";
			sourceTree = "<group>";
		};
		AC692A352A2C808A00F66347 /* Veri Transferi Storyboard SegueUITests */ = {
			isa = PBXGroup;
			children = (
				AC692A362A2C808A00F66347 /* Veri_Transferi_Storyboard_SegueUITests.swift */,
				AC692A382A2C808A00F66347 /* Veri_Transferi_Storyboard_SegueUITestsLaunchTests.swift */,
			);
			path = "Veri Transferi Storyboard SegueUITests";
			sourceTree = "<group>";
		};
/* End PBXGroup section */

/* Begin PBXNativeTarget section */
		AC692A112A2C808900F66347 /* Veri Transferi Storyboard Segue */ = {
			isa = PBXNativeTarget;
			buildConfigurationList = AC692A3C2A2C808A00F66347 /* Build configuration list for PBXNativeTarget "Veri Transferi Storyboard Segue" */;
			buildPhases = (
				AC692A0E2A2C808900F66347 /* Sources */,
				AC692A0F2A2C808900F66347 /* Frameworks */,
				AC692A102A2C808900F66347 /* Resources */,
			);
			buildRules = (
			);
			dependencies = (
			);
			name = "Veri Transferi Storyboard Segue";
			productName = "Veri Transferi Storyboard Segue";
			productReference = AC692A122A2C808900F66347 /* Veri Transferi Storyboard Segue.app */;
			productType = "com.apple.product-type.application";
		};
		AC692A272A2C808A00F66347 /* Veri Transferi Storyboard SegueTests */ = {
			isa = PBXNativeTarget;
			buildConfigurationList = AC692A3F2A2C808A00F66347 /* Build configuration list for PBXNativeTarget "Veri Transferi Storyboard SegueTests" */;
			buildPhases = (
				AC692A242A2C808A00F66347 /* Sources */,
				AC692A252A2C808A00F66347 /* Frameworks */,
				AC692A262A2C808A00F66347 /* Resources */,
			);
			buildRules = (
			);
			dependencies = (
				AC692A2A2A2C808A00F66347 /* PBXTargetDependency */,
			);
			name = "Veri Transferi Storyboard SegueTests";
			productName = "Veri Transferi Storyboard SegueTests";
			productReference = AC692A282A2C808A00F66347 /* Veri Transferi Storyboard SegueTests.xctest */;
			productType = "com.apple.product-type.bundle.unit-test";
		};
		AC692A312A2C808A00F66347 /* Veri Transferi Storyboard SegueUITests */ = {
			isa = PBXNativeTarget;
			buildConfigurationList = AC692A422A2C808A00F66347 /* Build configuration list for PBXNativeTarget "Veri Transferi Storyboard SegueUITests" */;
			buildPhases = (
				AC692A2E2A2C808A00F66347 /* Sources */,
				AC692A2F2A2C808A00F66347 /* Frameworks */,
				AC692A302A2C808A00F66347 /* Resources */,
			);
			buildRules = (
			);
			dependencies = (
				AC692A342A2C808A00F66347 /* PBXTargetDependency */,
			);
			name = "Veri Transferi Storyboard SegueUITests";
			productName = "Veri Transferi Storyboard SegueUITests";
			productReference = AC692A322A2C808A00F66347 /* Veri Transferi Storyboard SegueUITests.xctest */;
			productType = "com.apple.product-type.bundle.ui-testing";
		};
/* End PBXNativeTarget section */

/* Begin PBXProject section */
		AC692A0A2A2C808900F66347 /* Project object */ = {
			isa = PBXProject;
			attributes = {
				BuildIndependentTargetsInParallel = 1;
				LastSwiftUpdateCheck = 1430;
				LastUpgradeCheck = 1430;
				TargetAttributes = {
					AC692A112A2C808900F66347 = {
						CreatedOnToolsVersion = 14.3;
					};
					AC692A272A2C808A00F66347 = {
						CreatedOnToolsVersion = 14.3;
						TestTargetID = AC692A112A2C808900F66347;
					};
					AC692A312A2C808A00F66347 = {
						CreatedOnToolsVersion = 14.3;
						TestTargetID = AC692A112A2C808900F66347;
					};
				};
			};
			buildConfigurationList = AC692A0D2A2C808900F66347 /* Build configuration list for PBXProject "Veri Transferi Storyboard Segue" */;
			compatibilityVersion = "Xcode 14.0";
			developmentRegion = en;
			hasScannedForEncodings = 0;
			knownRegions = (
				en,
				Base,
			);
			mainGroup = AC692A092A2C808900F66347;
			productRefGroup = AC692A132A2C808900F66347 /* Products */;
			projectDirPath = "";
			projectRoot = "";
			targets = (
				AC692A112A2C808900F66347 /* Veri Transferi Storyboard Segue */,
				AC692A272A2C808A00F66347 /* Veri Transferi Storyboard SegueTests */,
				AC692A312A2C808A00F66347 /* Veri Transferi Storyboard SegueUITests */,
			);
		};
/* End PBXProject section */

/* Begin PBXResourcesBuildPhase section */
		AC692A102A2C808900F66347 /* Resources */ = {
			isa = PBXResourcesBuildPhase;
			buildActionMask = 2147483647;
			files = (
				AC692A222A2C808A00F66347 /* LaunchScreen.storyboard in Resources */,
				AC692A1F2A2C808A00F66347 /* Assets.xcassets in Resources */,
				AC692A1D2A2C808900F66347 /* Main.storyboard in Resources */,
			);
			runOnlyForDeploymentPostprocessing = 0;
		};
		AC692A262A2C808A00F66347 /* Resources */ = {
			isa = PBXResourcesBuildPhase;
			buildActionMask = 2147483647;
			files = (
			);
			runOnlyForDeploymentPostprocessing = 0;
		};
		AC692A302A2C808A00F66347 /* Resources */ = {
			isa = PBXResourcesBuildPhase;
			buildActionMask = 2147483647;
			files = (
			);
			runOnlyForDeploymentPostprocessing = 0;
		};
/* End PBXResourcesBuildPhase section */

/* Begin PBXSourcesBuildPhase section */
		AC692A0E2A2C808900F66347 /* Sources */ = {
			isa = PBXSourcesBuildPhase;
			buildActionMask = 2147483647;
			files = (
				AC692A1A2A2C808900F66347 /* ViewController.swift in Sources */,
				AC692A462A2C80FE00F66347 /* ViewControllerB.swift in Sources */,
				AC692A482A2C811400F66347 /* ViewControllerC.swift in Sources */,
				AC692A162A2C808900F66347 /* AppDelegate.swift in Sources */,
				AC692A182A2C808900F66347 /* SceneDelegate.swift in Sources */,
			);
			runOnlyForDeploymentPostprocessing = 0;
		};
		AC692A242A2C808A00F66347 /* Sources */ = {
			isa = PBXSourcesBuildPhase;
			buildActionMask = 2147483647;
			files = (
				AC692A2D2A2C808A00F66347 /* Veri_Transferi_Storyboard_SegueTests.swift in Sources */,
			);
			runOnlyForDeploymentPostprocessing = 0;
		};
		AC692A2E2A2C808A00F66347 /* Sources */ = {
			isa = PBXSourcesBuildPhase;
			buildActionMask = 2147483647;
			files = (
				AC692A392A2C808A00F66347 /* Veri_Transferi_Storyboard_SegueUITestsLaunchTests.swift in Sources */,
				AC692A372A2C808A00F66347 /* Veri_Transferi_Storyboard_SegueUITests.swift in Sources */,
			);
			runOnlyForDeploymentPostprocessing = 0;
		};
/* End PBXSourcesBuildPhase section */

/* Begin PBXTargetDependency section */
		AC692A2A2A2C808A00F66347 /* PBXTargetDependency */ = {
			isa = PBXTargetDependency;
			target = AC692A112A2C808900F66347 /* Veri Transferi Storyboard Segue */;
			targetProxy = AC692A292A2C808A00F66347 /* PBXContainerItemProxy */;
		};
		AC692A342A2C808A00F66347 /* PBXTargetDependency */ = {
			isa = PBXTargetDependency;
			target = AC692A112A2C808900F66347 /* Veri Transferi Storyboard Segue */;
			targetProxy = AC692A332A2C808A00F66347 /* PBXContainerItemProxy */;
		};
/* End PBXTargetDependency section */

/* Begin PBXVariantGroup section */
		AC692A1B2A2C808900F66347 /* Main.storyboard */ = {
			isa = PBXVariantGroup;
			children = (
				AC692A1C2A2C808900F66347 /* Base */,
			);
			name = Main.storyboard;
			sourceTree = "<group>";
		};
		AC692A202A2C808A00F66347 /* LaunchScreen.storyboard */ = {
			isa = PBXVariantGroup;
			children = (
				AC692A212A2C808A00F66347 /* Base */,
			);
			name = LaunchScreen.storyboard;
			sourceTree = "<group>";
		};
/* End PBXVariantGroup section */

/* Begin XCBuildConfiguration section */
		AC692A3A2A2C808A00F66347 /* Debug */ = {
			isa = XCBuildConfiguration;
			buildSettings = {
				ALWAYS_SEARCH_USER_PATHS = NO;
				CLANG_ANALYZER_NONNULL = YES;
				CLANG_ANALYZER_NUMBER_OBJECT_CONVERSION = YES_AGGRESSIVE;
				CLANG_CXX_LANGUAGE_STANDARD = "gnu++20";
				CLANG_ENABLE_MODULES = YES;
				CLANG_ENABLE_OBJC_ARC = YES;
				CLANG_ENABLE_OBJC_WEAK = YES;
				CLANG_WARN_BLOCK_CAPTURE_AUTORELEASING = YES;
				CLANG_WARN_BOOL_CONVERSION = YES;
				CLANG_WARN_COMMA = YES;
				CLANG_WARN_CONSTANT_CONVERSION = YES;
				CLANG_WARN_DEPRECATED_OBJC_IMPLEMENTATIONS = YES;
				CLANG_WARN_DIRECT_OBJC_ISA_USAGE = YES_ERROR;
				CLANG_WARN_DOCUMENTATION_COMMENTS = YES;
				CLANG_WARN_EMPTY_BODY = YES;
				CLANG_WARN_ENUM_CONVERSION = YES;
				CLANG_WARN_INFINITE_RECURSION = YES;
				CLANG_WARN_INT_CONVERSION = YES;
				CLANG_WARN_NON_LITERAL_NULL_CONVERSION = YES;
				CLANG_WARN_OBJC_IMPLICIT_RETAIN_SELF = YES;
				CLANG_WARN_OBJC_LITERAL_CONVERSION = YES;
				CLANG_WARN_OBJC_ROOT_CLASS = YES_ERROR;
				CLANG_WARN_QUOTED_INCLUDE_IN_FRAMEWORK_HEADER = YES;
				CLANG_WARN_RANGE_LOOP_ANALYSIS = YES;
				CLANG_WARN_STRICT_PROTOTYPES = YES;
				CLANG_WARN_SUSPICIOUS_MOVE = YES;
				CLANG_WARN_UNGUARDED_AVAILABILITY = YES_AGGRESSIVE;
				CLANG_WARN_UNREACHABLE_CODE = YES;
				CLANG_WARN__DUPLICATE_METHOD_MATCH = YES;
				COPY_PHASE_STRIP = NO;
				DEBUG_INFORMATION_FORMAT = dwarf;
				ENABLE_STRICT_OBJC_MSGSEND = YES;
				ENABLE_TESTABILITY = YES;
				GCC_C_LANGUAGE_STANDARD = gnu11;
				GCC_DYNAMIC_NO_PIC = NO;
				GCC_NO_COMMON_BLOCKS = YES;
				GCC_OPTIMIZATION_LEVEL = 0;
				GCC_PREPROCESSOR_DEFINITIONS = (
					"DEBUG=1",
					"$(inherited)",
				);
				GCC_WARN_64_TO_32_BIT_CONVERSION = YES;
				GCC_WARN_ABOUT_RETURN_TYPE = YES_ERROR;
				GCC_WARN_UNDECLARED_SELECTOR = YES;
				GCC_WARN_UNINITIALIZED_AUTOS = YES_AGGRESSIVE;
				GCC_WARN_UNUSED_FUNCTION = YES;
				GCC_WARN_UNUSED_VARIABLE = YES;
				IPHONEOS_DEPLOYMENT_TARGET = 16.4;
				MTL_ENABLE_DEBUG_INFO = INCLUDE_SOURCE;
				MTL_FAST_MATH = YES;
				ONLY_ACTIVE_ARCH = YES;
				SDKROOT = iphoneos;
				SWIFT_ACTIVE_COMPILATION_CONDITIONS = DEBUG;
				SWIFT_OPTIMIZATION_LEVEL = "-Onone";
			};
			name = Debug;
		};
		AC692A3B2A2C808A00F66347 /* Release */ = {
			isa = XCBuildConfiguration;
			buildSettings = {
				ALWAYS_SEARCH_USER_PATHS = NO;
				CLANG_ANALYZER_NONNULL = YES;
				CLANG_ANALYZER_NUMBER_OBJECT_CONVERSION = YES_AGGRESSIVE;
				CLANG_CXX_LANGUAGE_STANDARD = "gnu++20";
				CLANG_ENABLE_MODULES = YES;
				CLANG_ENABLE_OBJC_ARC = YES;
				CLANG_ENABLE_OBJC_WEAK = YES;
				CLANG_WARN_BLOCK_CAPTURE_AUTORELEASING = YES;
				CLANG_WARN_BOOL_CONVERSION = YES;
				CLANG_WARN_COMMA = YES;
				CLANG_WARN_CONSTANT_CONVERSION = YES;
				CLANG_WARN_DEPRECATED_OBJC_IMPLEMENTATIONS = YES;
				CLANG_WARN_DIRECT_OBJC_ISA_USAGE = YES_ERROR;
				CLANG_WARN_DOCUMENTATION_COMMENTS = YES;
				CLANG_WARN_EMPTY_BODY = YES;
				CLANG_WARN_ENUM_CONVERSION = YES;
				CLANG_WARN_INFINITE_RECURSION = YES;
				CLANG_WARN_INT_CONVERSION = YES;
				CLANG_WARN_NON_LITERAL_NULL_CONVERSION = YES;
				CLANG_WARN_OBJC_IMPLICIT_RETAIN_SELF = YES;
				CLANG_WARN_OBJC_LITERAL_CONVERSION = YES;
				CLANG_WARN_OBJC_ROOT_CLASS = YES_ERROR;
				CLANG_WARN_QUOTED_INCLUDE_IN_FRAMEWORK_HEADER = YES;
				CLANG_WARN_RANGE_LOOP_ANALYSIS = YES;
				CLANG_WARN_STRICT_PROTOTYPES = YES;
				CLANG_WARN_SUSPICIOUS_MOVE = YES;
				CLANG_WARN_UNGUARDED_AVAILABILITY = YES_AGGRESSIVE;
				CLANG_WARN_UNREACHABLE_CODE = YES;
				CLANG_WARN__DUPLICATE_METHOD_MATCH = YES;
				COPY_PHASE_STRIP = NO;
				DEBUG_INFORMATION_FORMAT = "dwarf-with-dsym";
				ENABLE_NS_ASSERTIONS = NO;
				ENABLE_STRICT_OBJC_MSGSEND = YES;
				GCC_C_LANGUAGE_STANDARD = gnu11;
				GCC_NO_COMMON_BLOCKS = YES;
				GCC_WARN_64_TO_32_BIT_CONVERSION = YES;
				GCC_WARN_ABOUT_RETURN_TYPE = YES_ERROR;
				GCC_WARN_UNDECLARED_SELECTOR = YES;
				GCC_WARN_UNINITIALIZED_AUTOS = YES_AGGRESSIVE;
				GCC_WARN_UNUSED_FUNCTION = YES;
				GCC_WARN_UNUSED_VARIABLE = YES;
				IPHONEOS_DEPLOYMENT_TARGET = 16.4;
				MTL_ENABLE_DEBUG_INFO = NO;
				MTL_FAST_MATH = YES;
				SDKROOT = iphoneos;
				SWIFT_COMPILATION_MODE = wholemodule;
				SWIFT_OPTIMIZATION_LEVEL = "-O";
				VALIDATE_PRODUCT = YES;
			};
			name = Release;
		};
		AC692A3D2A2C808A00F66347 /* Debug */ = {
			isa = XCBuildConfiguration;
			buildSettings = {
				ASSETCATALOG_COMPILER_APPICON_NAME = AppIcon;
				ASSETCATALOG_COMPILER_GLOBAL_ACCENT_COLOR_NAME = AccentColor;
				CODE_SIGN_STYLE = Automatic;
				CURRENT_PROJECT_VERSION = 1;
				DEVELOPMENT_TEAM = 2DG9MHMN6C;
				GENERATE_INFOPLIST_FILE = YES;
				INFOPLIST_FILE = "Veri Transferi Storyboard Segue/Info.plist";
				INFOPLIST_KEY_UIApplicationSupportsIndirectInputEvents = YES;
				INFOPLIST_KEY_UILaunchStoryboardName = LaunchScreen;
				INFOPLIST_KEY_UIMainStoryboardFile = Main;
				INFOPLIST_KEY_UISupportedInterfaceOrientations_iPad = "UIInterfaceOrientationPortrait UIInterfaceOrientationPortraitUpsideDown UIInterfaceOrientationLandscapeLeft UIInterfaceOrientationLandscapeRight";
				INFOPLIST_KEY_UISupportedInterfaceOrientations_iPhone = "UIInterfaceOrientationPortrait UIInterfaceOrientationLandscapeLeft UIInterfaceOrientationLandscapeRight";
				LD_RUNPATH_SEARCH_PATHS = (
					"$(inherited)",
					"@executable_path/Frameworks",
				);
				MARKETING_VERSION = 1.0;
				PRODUCT_BUNDLE_IDENTIFIER = "com.mbaransen.Veri-Transferi-Storyboard-Segue";
				PRODUCT_NAME = "$(TARGET_NAME)";
				SWIFT_EMIT_LOC_STRINGS = YES;
				SWIFT_VERSION = 5.0;
				TARGETED_DEVICE_FAMILY = "1,2";
			};
			name = Debug;
		};
		AC692A3E2A2C808A00F66347 /* Release */ = {
			isa = XCBuildConfiguration;
			buildSettings = {
				ASSETCATALOG_COMPILER_APPICON_NAME = AppIcon;
				ASSETCATALOG_COMPILER_GLOBAL_ACCENT_COLOR_NAME = AccentColor;
				CODE_SIGN_STYLE = Automatic;
				CURRENT_PROJECT_VERSION = 1;
				DEVELOPMENT_TEAM = 2DG9MHMN6C;
				GENERATE_INFOPLIST_FILE = YES;
				INFOPLIST_FILE = "Veri Transferi Storyboard Segue/Info.plist";
				INFOPLIST_KEY_UIApplicationSupportsIndirectInputEvents = YES;
				INFOPLIST_KEY_UILaunchStoryboardName = LaunchScreen;
				INFOPLIST_KEY_UIMainStoryboardFile = Main;
				INFOPLIST_KEY_UISupportedInterfaceOrientations_iPad = "UIInterfaceOrientationPortrait UIInterfaceOrientationPortraitUpsideDown UIInterfaceOrientationLandscapeLeft UIInterfaceOrientationLandscapeRight";
				INFOPLIST_KEY_UISupportedInterfaceOrientations_iPhone = "UIInterfaceOrientationPortrait UIInterfaceOrientationLandscapeLeft UIInterfaceOrientationLandscapeRight";
				LD_RUNPATH_SEARCH_PATHS = (
					"$(inherited)",
					"@executable_path/Frameworks",
				);
				MARKETING_VERSION = 1.0;
				PRODUCT_BUNDLE_IDENTIFIER = "com.mbaransen.Veri-Transferi-Storyboard-Segue";
				PRODUCT_NAME = "$(TARGET_NAME)";
				SWIFT_EMIT_LOC_STRINGS = YES;
				SWIFT_VERSION = 5.0;
				TARGETED_DEVICE_FAMILY = "1,2";
			};
			name = Release;
		};
		AC692A402A2C808A00F66347 /* Debug */ = {
			isa = XCBuildConfiguration;
			buildSettings = {
				ALWAYS_EMBED_SWIFT_STANDARD_LIBRARIES = YES;
				BUNDLE_LOADER = "$(TEST_HOST)";
				CODE_SIGN_STYLE = Automatic;
				CURRENT_PROJECT_VERSION = 1;
				DEVELOPMENT_TEAM = 2DG9MHMN6C;
				GENERATE_INFOPLIST_FILE = YES;
				IPHONEOS_DEPLOYMENT_TARGET = 16.4;
				MARKETING_VERSION = 1.0;
				PRODUCT_BUNDLE_IDENTIFIER = "com.mbaransen.Veri-Transferi-Storyboard-SegueTests";
				PRODUCT_NAME = "$(TARGET_NAME)";
				SWIFT_EMIT_LOC_STRINGS = NO;
				SWIFT_VERSION = 5.0;
				TARGETED_DEVICE_FAMILY = "1,2";
				TEST_HOST = "$(BUILT_PRODUCTS_DIR)/Veri Transferi Storyboard Segue.app/$(BUNDLE_EXECUTABLE_FOLDER_PATH)/Veri Transferi Storyboard Segue";
			};
			name = Debug;
		};
		AC692A412A2C808A00F66347 /* Release */ = {
			isa = XCBuildConfiguration;
			buildSettings = {
				ALWAYS_EMBED_SWIFT_STANDARD_LIBRARIES = YES;
				BUNDLE_LOADER = "$(TEST_HOST)";
				CODE_SIGN_STYLE = Automatic;
				CURRENT_PROJECT_VERSION = 1;
				DEVELOPMENT_TEAM = 2DG9MHMN6C;
				GENERATE_INFOPLIST_FILE = YES;
				IPHONEOS_DEPLOYMENT_TARGET = 16.4;
				MARKETING_VERSION = 1.0;
				PRODUCT_BUNDLE_IDENTIFIER = "com.mbaransen.Veri-Transferi-Storyboard-SegueTests";
				PRODUCT_NAME = "$(TARGET_NAME)";
				SWIFT_EMIT_LOC_STRINGS = NO;
				SWIFT_VERSION = 5.0;
				TARGETED_DEVICE_FAMILY = "1,2";
				TEST_HOST = "$(BUILT_PRODUCTS_DIR)/Veri Transferi Storyboard Segue.app/$(BUNDLE_EXECUTABLE_FOLDER_PATH)/Veri Transferi Storyboard Segue";
			};
			name = Release;
		};
		AC692A432A2C808A00F66347 /* Debug */ = {
			isa = XCBuildConfiguration;
			buildSettings = {
				ALWAYS_EMBED_SWIFT_STANDARD_LIBRARIES = YES;
				CODE_SIGN_STYLE = Automatic;
				CURRENT_PROJECT_VERSION = 1;
				DEVELOPMENT_TEAM = 2DG9MHMN6C;
				GENERATE_INFOPLIST_FILE = YES;
				MARKETING_VERSION = 1.0;
				PRODUCT_BUNDLE_IDENTIFIER = "com.mbaransen.Veri-Transferi-Storyboard-SegueUITests";
				PRODUCT_NAME = "$(TARGET_NAME)";
				SWIFT_EMIT_LOC_STRINGS = NO;
				SWIFT_VERSION = 5.0;
				TARGETED_DEVICE_FAMILY = "1,2";
				TEST_TARGET_NAME = "Veri Transferi Storyboard Segue";
			};
			name = Debug;
		};
		AC692A442A2C808A00F66347 /* Release */ = {
			isa = XCBuildConfiguration;
			buildSettings = {
				ALWAYS_EMBED_SWIFT_STANDARD_LIBRARIES = YES;
				CODE_SIGN_STYLE = Automatic;
				CURRENT_PROJECT_VERSION = 1;
				DEVELOPMENT_TEAM = 2DG9MHMN6C;
				GENERATE_INFOPLIST_FILE = YES;
				MARKETING_VERSION = 1.0;
				PRODUCT_BUNDLE_IDENTIFIER = "com.mbaransen.Veri-Transferi-Storyboard-SegueUITests";
				PRODUCT_NAME = "$(TARGET_NAME)";
				SWIFT_EMIT_LOC_STRINGS = NO;
				SWIFT_VERSION = 5.0;
				TARGETED_DEVICE_FAMILY = "1,2";
				TEST_TARGET_NAME = "Veri Transferi Storyboard Segue";
			};
			name = Release;
		};
/* End XCBuildConfiguration section */

/* Begin XCConfigurationList section */
		AC692A0D2A2C808900F66347 /* Build configuration list for PBXProject "Veri Transferi Storyboard Segue" */ = {
			isa = XCConfigurationList;
			buildConfigurations = (
				AC692A3A2A2C808A00F66347 /* Debug */,
				AC692A3B2A2C808A00F66347 /* Release */,
			);
			defaultConfigurationIsVisible = 0;
			defaultConfigurationName = Release;
		};
		AC692A3C2A2C808A00F66347 /* Build configuration list for PBXNativeTarget "Veri Transferi Storyboard Segue" */ = {
			isa = XCConfigurationList;
			buildConfigurations = (
				AC692A3D2A2C808A00F66347 /* Debug */,
				AC692A3E2A2C808A00F66347 /* Release */,
			);
			defaultConfigurationIsVisible = 0;
			defaultConfigurationName = Release;
		};
		AC692A3F2A2C808A00F66347 /* Build configuration list for PBXNativeTarget "Veri Transferi Storyboard SegueTests" */ = {
			isa = XCConfigurationList;
			buildConfigurations = (
				AC692A402A2C808A00F66347 /* Debug */,
				AC692A412A2C808A00F66347 /* Release */,
			);
			defaultConfigurationIsVisible = 0;
			defaultConfigurationName = Release;
		};
		AC692A422A2C808A00F66347 /* Build configuration list for PBXNativeTarget "Veri Transferi Storyboard SegueUITests" */ = {
			isa = XCConfigurationList;
			buildConfigurations = (
				AC692A432A2C808A00F66347 /* Debug */,
				AC692A442A2C808A00F66347 /* Release */,
			);
			defaultConfigurationIsVisible = 0;
			defaultConfigurationName = Release;
		};
/* End XCConfigurationList section */
	};
	rootObject = AC692A0A2A2C808900F66347 /* Project object */;
}
